// !$*UTF8*$!
{
	archiveVersion = 1;
	classes = {
	};
	objectVersion = 48;
	objects = {

/* Begin PBXBuildFile section */
		71D7373F20F3B8FF00A0421D /* AppDelegate.swift in Sources */ = {isa = PBXBuildFile; fileRef = 71D7373E20F3B8FF00A0421D /* AppDelegate.swift */; };
		71D7374120F3B8FF00A0421D /* ViewController.swift in Sources */ = {isa = PBXBuildFile; fileRef = 71D7374020F3B8FF00A0421D /* ViewController.swift */; };
		71D7374420F3B8FF00A0421D /* Main.storyboard in Resources */ = {isa = PBXBuildFile; fileRef = 71D7374220F3B8FF00A0421D /* Main.storyboard */; };
		71D7374720F3B8FF00A0421D /* HamburgerMenu2.xcdatamodeld in Sources */ = {isa = PBXBuildFile; fileRef = 71D7374520F3B8FF00A0421D /* HamburgerMenu2.xcdatamodeld */; };
		71D7374920F3B8FF00A0421D /* Assets.xcassets in Resources */ = {isa = PBXBuildFile; fileRef = 71D7374820F3B8FF00A0421D /* Assets.xcassets */; };
		71D7374C20F3B8FF00A0421D /* LaunchScreen.storyboard in Resources */ = {isa = PBXBuildFile; fileRef = 71D7374A20F3B8FF00A0421D /* LaunchScreen.storyboard */; };
/* End PBXBuildFile section */

/* Begin PBXFileReference section */
		71D7373B20F3B8FF00A0421D /* HamburgerMenu2.app */ = {isa = PBXFileReference; explicitFileType = wrapper.application; includeInIndex = 0; path = HamburgerMenu2.app; sourceTree = BUILT_PRODUCTS_DIR; };
		71D7373E20F3B8FF00A0421D /* AppDelegate.swift */ = {isa = PBXFileReference; lastKnownFileType = sourcecode.swift; path = AppDelegate.swift; sourceTree = "<group>"; };
		71D7374020F3B8FF00A0421D /* ViewController.swift */ = {isa = PBXFileReference; lastKnownFileType = sourcecode.swift; path = ViewController.swift; sourceTree = "<group>"; };
		71D7374320F3B8FF00A0421D /* Base */ = {isa = PBXFileReference; lastKnownFileType = file.storyboard; name = Base; path = Base.lproj/Main.storyboard; sourceTree = "<group>"; };
		71D7374620F3B8FF00A0421D /* HamburgerMenu2.xcdatamodel */ = {isa = PBXFileReference; lastKnownFileType = wrapper.xcdatamodel; path = HamburgerMenu2.xcdatamodel; sourceTree = "<group>"; };
		71D7374820F3B8FF00A0421D /* Assets.xcassets */ = {isa = PBXFileReference; lastKnownFileType = folder.assetcatalog; path = Assets.xcassets; sourceTree = "<group>"; };
		71D7374B20F3B8FF00A0421D /* Base */ = {isa = PBXFileReference; lastKnownFileType = file.storyboard; name = Base; path = Base.lproj/LaunchScreen.storyboard; sourceTree = "<group>"; };
		71D7374D20F3B8FF00A0421D /* Info.plist */ = {isa = PBXFileReference; lastKnownFileType = text.plist.xml; path = Info.plist; sourceTree = "<group>"; };
/* End PBXFileReference section */

/* Begin PBXFrameworksBuildPhase section */
		71D7373820F3B8FF00A0421D /* Frameworks */ = {
			isa = PBXFrameworksBuildPhase;
			buildActionMask = 2147483647;
			files = (
			);
			runOnlyForDeploymentPostprocessing = 0;
		};
/* End PBXFrameworksBuildPhase section */

/* Begin PBXGroup section */
		71D7373220F3B8FF00A0421D = {
			isa = PBXGroup;
			children = (
				71D7373D20F3B8FF00A0421D /* HamburgerMenu2 */,
				71D7373C20F3B8FF00A0421D /* Products */,
			);
			sourceTree = "<group>";
		};
		71D7373C20F3B8FF00A0421D /* Products */ = {
			isa = PBXGroup;
			children = (
				71D7373B20F3B8FF00A0421D /* HamburgerMenu2.app */,
			);
			name = Products;
			sourceTree = "<group>";
		};
		71D7373D20F3B8FF00A0421D /* HamburgerMenu2 */ = {
			isa = PBXGroup;
			children = (
				71D7373E20F3B8FF00A0421D /* AppDelegate.swift */,
				71D7374020F3B8FF00A0421D /* ViewController.swift */,
				71D7374220F3B8FF00A0421D /* Main.storyboard */,
				71D7374820F3B8FF00A0421D /* Assets.xcassets */,
				71D7374A20F3B8FF00A0421D /* LaunchScreen.storyboard */,
				71D7374D20F3B8FF00A0421D /* Info.plist */,
				71D7374520F3B8FF00A0421D /* HamburgerMenu2.xcdatamodeld */,
			);
			path = HamburgerMenu2;
			sourceTree = "<group>";
		};
/* End PBXGroup section */

/* Begin PBXNativeTarget section */
		71D7373A20F3B8FF00A0421D /* HamburgerMenu2 */ = {
			isa = PBXNativeTarget;
			buildConfigurationList = 71D7375020F3B8FF00A0421D /* Build configuration list for PBXNativeTarget "HamburgerMenu2" */;
			buildPhases = (
				71D7373720F3B8FF00A0421D /* Sources */,
				71D7373820F3B8FF00A0421D /* Frameworks */,
				71D7373920F3B8FF00A0421D /* Resources */,
			);
			buildRules = (
			);
			dependencies = (
			);
			name = HamburgerMenu2;
			productName = HamburgerMenu2;
			productReference = 71D7373B20F3B8FF00A0421D /* HamburgerMenu2.app */;
			productType = "com.apple.product-type.application";
		};
/* End PBXNativeTarget section */

/* Begin PBXProject section */
		71D7373320F3B8FF00A0421D /* Project object */ = {
			isa = PBXProject;
			attributes = {
				LastSwiftUpdateCheck = 0920;
				LastUpgradeCheck = 0920;
				ORGANIZATIONNAME = "Tushar Kolhe";
				TargetAttributes = {
					71D7373A20F3B8FF00A0421D = {
						CreatedOnToolsVersion = 9.2;
						ProvisioningStyle = Automatic;
					};
				};
			};
			buildConfigurationList = 71D7373620F3B8FF00A0421D /* Build configuration list for PBXProject "HamburgerMenu2" */;
			compatibilityVersion = "Xcode 8.0";
			developmentRegion = en;
			hasScannedForEncodings = 0;
			knownRegions = (
				en,
				Base,
			);
			mainGroup = 71D7373220F3B8FF00A0421D;
			productRefGroup = 71D7373C20F3B8FF00A0421D /* Products */;
			projectDirPath = "";
			projectRoot = "";
			targets = (
				71D7373A20F3B8FF00A0421D /* HamburgerMenu2 */,
			);
		};
/* End PBXProject section */

/* Begin PBXResourcesBuildPhase section */
		71D7373920F3B8FF00A0421D /* Resources */ = {
			isa = PBXResourcesBuildPhase;
			buildActionMask = 2147483647;
			files = (
				71D7374C20F3B8FF00A0421D /* LaunchScreen.storyboard in Resources */,
				71D7374920F3B8FF00A0421D /* Assets.xcassets in Resources */,
				71D7374420F3B8FF00A0421D /* Main.storyboard in Resources */,
			);
			runOnlyForDeploymentPostprocessing = 0;
		};
/* End PBXResourcesBuildPhase section */

/* Begin PBXSourcesBuildPhase section */
		71D7373720F3B8FF00A0421D /* Sources */ = {
			isa = PBXSourcesBuildPhase;
			buildActionMask = 2147483647;
			files = (
				71D7374720F3B8FF00A0421D /* HamburgerMenu2.xcdatamodeld in Sources */,
				71D7374120F3B8FF00A0421D /* ViewController.swift in Sources */,
				71D7373F20F3B8FF00A0421D /* AppDelegate.swift in Sources */,
			);
			runOnlyForDeploymentPostprocessing = 0;
		};
/* End PBXSourcesBuildPhase section */

/* Begin PBXVariantGroup section */
		71D7374220F3B8FF00A0421D /* Main.storyboard */ = {
			isa = PBXVariantGroup;
			children = (
				71D7374320F3B8FF00A0421D /* Base */,
			);
			name = Main.storyboard;
			sourceTree = "<group>";
		};
		71D7374A20F3B8FF00A0421D /* LaunchScreen.storyboard */ = {
			isa = PBXVariantGroup;
			children = (
				71D7374B20F3B8FF00A0421D /* Base */,
			);
			name = LaunchScreen.storyboard;
			sourceTree = "<group>";
		};
/* End PBXVariantGroup section */

/* Begin XCBuildConfiguration section */
		71D7374E20F3B8FF00A0421D /* Debug */ = {
			isa = XCBuildConfiguration;
			buildSettings = {
				ALWAYS_SEARCH_USER_PATHS = NO;
				CLANG_ANALYZER_NONNULL = YES;
				CLANG_ANALYZER_NUMBER_OBJECT_CONVERSION = YES_AGGRESSIVE;
				CLANG_CXX_LANGUAGE_STANDARD = "gnu++14";
				CLANG_CXX_LIBRARY = "libc++";
				CLANG_ENABLE_MODULES = YES;
				CLANG_ENABLE_OBJC_ARC = YES;
				CLANG_WARN_BLOCK_CAPTURE_AUTORELEASING = YES;
				CLANG_WARN_BOOL_CONVERSION = YES;
				CLANG_WARN_COMMA = YES;
				CLANG_WARN_CONSTANT_CONVERSION = YES;
				CLANG_WARN_DIRECT_OBJC_ISA_USAGE = YES_ERROR;
				CLANG_WARN_DOCUMENTATION_COMMENTS = YES;
				CLANG_WARN_EMPTY_BODY = YES;
				CLANG_WARN_ENUM_CONVERSION = YES;
				CLANG_WARN_INFINITE_RECURSION = YES;
				CLANG_WARN_INT_CONVERSION = YES;
				CLANG_WARN_NON_LITERAL_NULL_CONVERSION = YES;
				CLANG_WARN_OBJC_LITERAL_CONVERSION = YES;
				CLANG_WARN_OBJC_ROOT_CLASS = YES_ERROR;
				CLANG_WARN_RANGE_LOOP_ANALYSIS = YES;
				CLANG_WARN_STRICT_PROTOTYPES = YES;
				CLANG_WARN_SUSPICIOUS_MOVE = YES;
				CLANG_WARN_UNGUARDED_AVAILABILITY = YES_AGGRESSIVE;
				CLANG_WARN_UNREACHABLE_CODE = YES;
				CLANG_WARN__DUPLICATE_METHOD_MATCH = YES;
				CODE_SIGN_IDENTITY = "iPhone Developer";
				COPY_PHASE_STRIP = NO;
				DEBUG_INFORMATION_FORMAT = dwarf;
				ENABLE_STRICT_OBJC_MSGSEND = YES;
				ENABLE_TESTABILITY = YES;
				GCC_C_LANGUAGE_STANDARD = gnu11;
				GCC_DYNAMIC_NO_PIC = NO;
				GCC_NO_COMMON_BLOCKS = YES;
				GCC_OPTIMIZATION_LEVEL = 0;
				GCC_PREPROCESSOR_DEFINITIONS = (
					"DEBUG=1",
					"$(inherited)",
				);
				GCC_WARN_64_TO_32_BIT_CONVERSION = YES;
				GCC_WARN_ABOUT_RETURN_TYPE = YES_ERROR;
				GCC_WARN_UNDECLARED_SELECTOR = YES;
				GCC_WARN_UNINITIALIZED_AUTOS = YES_AGGRESSIVE;
				GCC_WARN_UNUSED_FUNCTION = YES;
				GCC_WARN_UNUSED_VARIABLE = YES;
				IPHONEOS_DEPLOYMENT_TARGET = 11.2;
				MTL_ENABLE_DEBUG_INFO = YES;
				ONLY_ACTIVE_ARCH = YES;
				SDKROOT = iphoneos;
				SWIFT_ACTIVE_COMPILATION_CONDITIONS = DEBUG;
				SWIFT_OPTIMIZATION_LEVEL = "-Onone";
			};
			name = Debug;
		};
		71D7374F20F3B8FF00A0421D /* Release */ = {
			isa = XCBuildConfiguration;
			buildSettings = {
				ALWAYS_SEARCH_USER_PATHS = NO;
				CLANG_ANALYZER_NONNULL = YES;
				CLANG_ANALYZER_NUMBER_OBJECT_CONVERSION = YES_AGGRESSIVE;
				CLANG_CXX_LANGUAGE_STANDARD = "gnu++14";
				CLANG_CXX_LIBRARY = "libc++";
				CLANG_ENABLE_MODULES = YES;
				CLANG_ENABLE_OBJC_ARC = YES;
				CLANG_WARN_BLOCK_CAPTURE_AUTORELEASING = YES;
				CLANG_WARN_BOOL_CONVERSION = YES;
				CLANG_WARN_COMMA = YES;
				CLANG_WARN_CONSTANT_CONVERSION = YES;
				CLANG_WARN_DIRECT_OBJC_ISA_USAGE = YES_ERROR;
				CLANG_WARN_DOCUMENTATION_COMMENTS = YES;
				CLANG_WARN_EMPTY_BODY = YES;
				CLANG_WARN_ENUM_CONVERSION = YES;
				CLANG_WARN_INFINITE_RECURSION = YES;
				CLANG_WARN_INT_CONVERSION = YES;
				CLANG_WARN_NON_LITERAL_NULL_CONVERSION = YES;
				CLANG_WARN_OBJC_LITERAL_CONVERSION = YES;
				CLANG_WARN_OBJC_ROOT_CLASS = YES_ERROR;
				CLANG_WARN_RANGE_LOOP_ANALYSIS = YES;
				CLANG_WARN_STRICT_PROTOTYPES = YES;
				CLANG_WARN_SUSPICIOUS_MOVE = YES;
				CLANG_WARN_UNGUARDED_AVAILABILITY = YES_AGGRESSIVE;
				CLANG_WARN_UNREACHABLE_CODE = YES;
				CLANG_WARN__DUPLICATE_METHOD_MATCH = YES;
				CODE_SIGN_IDENTITY = "iPhone Developer";
				COPY_PHASE_STRIP = NO;
				DEBUG_INFORMATION_FORMAT = "dwarf-with-dsym";
				ENABLE_NS_ASSERTIONS = NO;
				ENABLE_STRICT_OBJC_MSGSEND = YES;
				GCC_C_LANGUAGE_STANDARD = gnu11;
				GCC_NO_COMMON_BLOCKS = YES;
				GCC_WARN_64_TO_32_BIT_CONVERSION = YES;
				GCC_WARN_ABOUT_RETURN_TYPE = YES_ERROR;
				GCC_WARN_UNDECLARED_SELECTOR = YES;
				GCC_WARN_UNINITIALIZED_AUTOS = YES_AGGRESSIVE;
				GCC_WARN_UNUSED_FUNCTION = YES;
				GCC_WARN_UNUSED_VARIABLE = YES;
				IPHONEOS_DEPLOYMENT_TARGET = 11.2;
				MTL_ENABLE_DEBUG_INFO = NO;
				SDKROOT = iphoneos;
				SWIFT_OPTIMIZATION_LEVEL = "-Owholemodule";
				VALIDATE_PRODUCT = YES;
			};
			name = Release;
		};
		71D7375120F3B8FF00A0421D /* Debug */ = {
			isa = XCBuildConfiguration;
			buildSettings = {
				ASSETCATALOG_COMPILER_APPICON_NAME = AppIcon;
				CODE_SIGN_STYLE = Automatic;
				DEVELOPMENT_TEAM = W6RG38TUSL;
				INFOPLIST_FILE = HamburgerMenu2/Info.plist;
				LD_RUNPATH_SEARCH_PATHS = "$(inherited) @executable_path/Frameworks";
				PRODUCT_BUNDLE_IDENTIFIER = TusharKolhe.HamburgerMenu2;
				PRODUCT_NAME = "$(TARGET_NAME)";
				SWIFT_VERSION = 4.0;
				TARGETED_DEVICE_FAMILY = "1,2";
			};
			name = Debug;
		};
		71D7375220F3B8FF00A0421D /* Release */ = {
			isa = XCBuildConfiguration;
			buildSettings = {
				ASSETCATALOG_COMPILER_APPICON_NAME = AppIcon;
				CODE_SIGN_STYLE = Automatic;
				DEVELOPMENT_TEAM = W6RG38TUSL;
				INFOPLIST_FILE = HamburgerMenu2/Info.plist;
				LD_RUNPATH_SEARCH_PATHS = "$(inherited) @executable_path/Frameworks";
				PRODUCT_BUNDLE_IDENTIFIER = TusharKolhe.HamburgerMenu2;
				PRODUCT_NAME = "$(TARGET_NAME)";
				SWIFT_VERSION = 4.0;
				TARGETED_DEVICE_FAMILY = "1,2";
			};
			name = Release;
		};
/* End XCBuildConfiguration section */

/* Begin XCConfigurationList section */
		71D7373620F3B8FF00A0421D /* Build configuration list for PBXProject "HamburgerMenu2" */ = {
			isa = XCConfigurationList;
			buildConfigurations = (
				71D7374E20F3B8FF00A0421D /* Debug */,
				71D7374F20F3B8FF00A0421D /* Release */,
			);
			defaultConfigurationIsVisible = 0;
			defaultConfigurationName = Release;
		};
		71D7375020F3B8FF00A0421D /* Build configuration list for PBXNativeTarget "HamburgerMenu2" */ = {
			isa = XCConfigurationList;
			buildConfigurations = (
				71D7375120F3B8FF00A0421D /* Debug */,
				71D7375220F3B8FF00A0421D /* Release */,
			);
			defaultConfigurationIsVisible = 0;
			defaultConfigurationName = Release;
		};
/* End XCConfigurationList section */

/* Begin XCVersionGroup section */
		71D7374520F3B8FF00A0421D /* HamburgerMenu2.xcdatamodeld */ = {
			isa = XCVersionGroup;
			children = (
				71D7374620F3B8FF00A0421D /* HamburgerMenu2.xcdatamodel */,
			);
			currentVersion = 71D7374620F3B8FF00A0421D /* HamburgerMenu2.xcdatamodel */;
			path = HamburgerMenu2.xcdatamodeld;
			sourceTree = "<group>";
			versionGroupType = wrapper.xcdatamodel;
		};
/* End XCVersionGroup section */
	};
	rootObject = 71D7373320F3B8FF00A0421D /* Project object */;
}
